
Microsoft Visual Studio Solution File, Format Version 12.00
# Visual Studio Version 17
VisualStudioVersion = 17.4.33103.184
MinimumVisualStudioVersion = 10.0.40219.1
Project("{FAE04EC0-301F-11D3-BF4B-00C04F79EFBC}") = "Prototype", "Prototype.csproj", "{31E94047-EDA2-4E73-A755-A214121B33C2}"
EndProject
Project("{FAE04EC0-301F-11D3-BF4B-00C04F79EFBC}") = "Test_prototype", "..\Test_prototype\Test_prototype.csproj", "{E4100FB1-EE22-4A7C-8CFB-5FD780F23588}"
EndProject
Global
	GlobalSection(SolutionConfigurationPlatforms) = preSolution
		Debug|Any CPU = Debug|Any CPU
		Release|Any CPU = Release|Any CPU
	EndGlobalSection
	GlobalSection(ProjectConfigurationPlatforms) = postSolution
		{31E94047-EDA2-4E73-A755-A214121B33C2}.Debug|Any CPU.ActiveCfg = Debug|Any CPU
		{31E94047-EDA2-4E73-A755-A214121B33C2}.Debug|Any CPU.Build.0 = Debug|Any CPU
		{31E94047-EDA2-4E73-A755-A214121B33C2}.Release|Any CPU.ActiveCfg = Release|Any CPU
		{31E94047-EDA2-4E73-A755-A214121B33C2}.Release|Any CPU.Build.0 = Release|Any CPU
		{E4100FB1-EE22-4A7C-8CFB-5FD780F23588}.Debug|Any CPU.ActiveCfg = Debug|Any CPU
		{E4100FB1-EE22-4A7C-8CFB-5FD780F23588}.Debug|Any CPU.Build.0 = Debug|Any CPU
		{E4100FB1-EE22-4A7C-8CFB-5FD780F23588}.Release|Any CPU.ActiveCfg = Release|Any CPU
		{E4100FB1-EE22-4A7C-8CFB-5FD780F23588}.Release|Any CPU.Build.0 = Release|Any CPU
	EndGlobalSection
	GlobalSection(SolutionProperties) = preSolution
		HideSolutionNode = FALSE
	EndGlobalSection
	GlobalSection(ExtensibilityGlobals) = postSolution
		SolutionGuid = {C2E0D11A-1523-46C1-90D5-093D77FEE97C}
	EndGlobalSection
EndGlobal
